{
  "version": 3,
  "targets": {
    "net10.0/win-x64": {
      "dotnet-sonarscanner/11.2.1": {
        "type": "package",
        "tools": {
          "tools/netcoreapp3.1/any/DotnetToolSettings.xml": {},
          "tools/netcoreapp3.1/any/Google.Protobuf.dll": {},
          "tools/netcoreapp3.1/any/ICSharpCode.SharpZipLib.dll": {},
          "tools/netcoreapp3.1/any/Newtonsoft.Json.dll": {},
          "tools/netcoreapp3.1/any/SonarQube.Analysis.xml": {},
          "tools/netcoreapp3.1/any/SonarScanner.MSBuild.Common.dll": {},
          "tools/netcoreapp3.1/any/SonarScanner.MSBuild.PostProcessor.dll": {},
          "tools/netcoreapp3.1/any/SonarScanner.MSBuild.PreProcessor.dll": {},
          "tools/netcoreapp3.1/any/SonarScanner.MSBuild.Shim.dll": {},
          "tools/netcoreapp3.1/any/SonarScanner.MSBuild.TFS.dll": {},
          "tools/netcoreapp3.1/any/SonarScanner.MSBuild.Tasks.dll": {},
          "tools/netcoreapp3.1/any/SonarScanner.MSBuild.dll": {},
          "tools/netcoreapp3.1/any/SonarScanner.MSBuild.runtimeconfig.json": {},
          "tools/netcoreapp3.1/any/Targets/SonarQube.Integration.ImportBefore.targets": {},
          "tools/netcoreapp3.1/any/Targets/SonarQube.Integration.targets": {},
          "tools/netcoreapp3.1/any/licenses/LICENSE.txt": {},
          "tools/netcoreapp3.1/any/licenses/THIRD_PARTY_LICENSES/Google.Protobuf-LICENSE.txt": {},
          "tools/netcoreapp3.1/any/licenses/THIRD_PARTY_LICENSES/Newtonsoft.Json-LICENSE.txt": {},
          "tools/netcoreapp3.1/any/licenses/THIRD_PARTY_LICENSES/SharpZipLib-LICENSE.txt": {}
        }
      }
    }
  },
  "libraries": {},
  "projectFileDependencyGroups": {}
}