{
  "version": 3,
  "targets": {
    "net10.0/win-x64": {
      "dotnet-coverage/18.9.0": {
        "type": "package",
        "tools": {
          "tools/net8.0/any/Cov/Cov_x86.config": {},
          "tools/net8.0/any/Cov/amd64/Cov_x64.config": {},
          "tools/net8.0/any/Cov/amd64/covrun64.dll": {},
          "tools/net8.0/any/Cov/amd64/msdia140.dll": {},
          "tools/net8.0/any/Cov/arm64/Cov_arm64.config": {},
          "tools/net8.0/any/Cov/arm64/covrunarm64.dll": {},
          "tools/net8.0/any/Cov/arm64/msdia140.dll": {},
          "tools/net8.0/any/Cov/codecoveragemessages.dll": {},
          "tools/net8.0/any/Cov/covrun32.dll": {},
          "tools/net8.0/any/Cov/msdia140.dll": {},
          "tools/net8.0/any/Cov_arm64.config": {},
          "tools/net8.0/any/Cov_x64.config": {},
          "tools/net8.0/any/Cov_x86.config": {},
          "tools/net8.0/any/DotnetToolSettings.xml": {},
          "tools/net8.0/any/Microsoft.CodeCoverage.Console.Common.dll": {},
          "tools/net8.0/any/Microsoft.CodeCoverage.Console.Common.pdb": {},
          "tools/net8.0/any/Microsoft.CodeCoverage.Core.dll": {},
          "tools/net8.0/any/Microsoft.CodeCoverage.Core.pdb": {},
          "tools/net8.0/any/Microsoft.CodeCoverage.Core.xml": {},
          "tools/net8.0/any/Microsoft.CodeCoverage.Instrumentation.Core.dll": {},
          "tools/net8.0/any/Microsoft.CodeCoverage.Instrumentation.Core.pdb": {},
          "tools/net8.0/any/Microsoft.CodeCoverage.Instrumentation.dll": {},
          "tools/net8.0/any/Microsoft.CodeCoverage.Instrumentation.pdb": {},
          "tools/net8.0/any/Microsoft.CodeCoverage.Interprocess.dll": {},
          "tools/net8.0/any/Microsoft.CodeCoverage.Interprocess.pdb": {},
          "tools/net8.0/any/Microsoft.DiaSymReader.dll": {},
          "tools/net8.0/any/Microsoft.Extensions.DependencyModel.dll": {},
          "tools/net8.0/any/Microsoft.Extensions.FileSystemGlobbing.dll": {},
          "tools/net8.0/any/Mono.Cecil.Mdb.dll": {},
          "tools/net8.0/any/Mono.Cecil.Pdb.dll": {},
          "tools/net8.0/any/Mono.Cecil.Rocks.dll": {},
          "tools/net8.0/any/Mono.Cecil.dll": {},
          "tools/net8.0/any/Serilog.Sinks.File.dll": {},
          "tools/net8.0/any/Serilog.dll": {},
          "tools/net8.0/any/System.CommandLine.dll": {},
          "tools/net8.0/any/alpine/x64/Cov_x64.config": {},
          "tools/net8.0/any/alpine/x64/libCoverageInstrumentationMethod.so": {},
          "tools/net8.0/any/alpine/x64/libInstrumentationEngine.so": {},
          "tools/net8.0/any/arm64/MicrosoftInstrumentationEngine_arm64.dll": {},
          "tools/net8.0/any/cs/Microsoft.CodeCoverage.Console.Common.resources.dll": {},
          "tools/net8.0/any/cs/Microsoft.CodeCoverage.Core.resources.dll": {},
          "tools/net8.0/any/cs/System.CommandLine.resources.dll": {},
          "tools/net8.0/any/de/Microsoft.CodeCoverage.Console.Common.resources.dll": {},
          "tools/net8.0/any/de/Microsoft.CodeCoverage.Core.resources.dll": {},
          "tools/net8.0/any/de/System.CommandLine.resources.dll": {},
          "tools/net8.0/any/dotnet-coverage.deps.json": {},
          "tools/net8.0/any/dotnet-coverage.dll": {},
          "tools/net8.0/any/dotnet-coverage.pdb": {},
          "tools/net8.0/any/dotnet-coverage.runtimeconfig.json": {},
          "tools/net8.0/any/es/Microsoft.CodeCoverage.Console.Common.resources.dll": {},
          "tools/net8.0/any/es/Microsoft.CodeCoverage.Core.resources.dll": {},
          "tools/net8.0/any/es/System.CommandLine.resources.dll": {},
          "tools/net8.0/any/fr/Microsoft.CodeCoverage.Console.Common.resources.dll": {},
          "tools/net8.0/any/fr/Microsoft.CodeCoverage.Core.resources.dll": {},
          "tools/net8.0/any/fr/System.CommandLine.resources.dll": {},
          "tools/net8.0/any/hu/Microsoft.CodeCoverage.Console.Common.resources.dll": {},
          "tools/net8.0/any/hu/Microsoft.CodeCoverage.Core.resources.dll": {},
          "tools/net8.0/any/it/Microsoft.CodeCoverage.Console.Common.resources.dll": {},
          "tools/net8.0/any/it/Microsoft.CodeCoverage.Core.resources.dll": {},
          "tools/net8.0/any/it/System.CommandLine.resources.dll": {},
          "tools/net8.0/any/ja/Microsoft.CodeCoverage.Console.Common.resources.dll": {},
          "tools/net8.0/any/ja/Microsoft.CodeCoverage.Core.resources.dll": {},
          "tools/net8.0/any/ja/System.CommandLine.resources.dll": {},
          "tools/net8.0/any/ko/Microsoft.CodeCoverage.Console.Common.resources.dll": {},
          "tools/net8.0/any/ko/Microsoft.CodeCoverage.Core.resources.dll": {},
          "tools/net8.0/any/ko/System.CommandLine.resources.dll": {},
          "tools/net8.0/any/macos/x64/Cov_x64.config": {},
          "tools/net8.0/any/macos/x64/libCoverageInstrumentationMethod.dylib": {},
          "tools/net8.0/any/macos/x64/libInstrumentationEngine.dylib": {},
          "tools/net8.0/any/nl/Microsoft.CodeCoverage.Console.Common.resources.dll": {},
          "tools/net8.0/any/nl/Microsoft.CodeCoverage.Core.resources.dll": {},
          "tools/net8.0/any/pl/Microsoft.CodeCoverage.Console.Common.resources.dll": {},
          "tools/net8.0/any/pl/Microsoft.CodeCoverage.Core.resources.dll": {},
          "tools/net8.0/any/pl/System.CommandLine.resources.dll": {},
          "tools/net8.0/any/pt-BR/Microsoft.CodeCoverage.Console.Common.resources.dll": {},
          "tools/net8.0/any/pt-BR/Microsoft.CodeCoverage.Core.resources.dll": {},
          "tools/net8.0/any/pt-BR/System.CommandLine.resources.dll": {},
          "tools/net8.0/any/pt-PT/Microsoft.CodeCoverage.Console.Common.resources.dll": {},
          "tools/net8.0/any/pt-PT/Microsoft.CodeCoverage.Core.resources.dll": {},
          "tools/net8.0/any/ru/Microsoft.CodeCoverage.Console.Common.resources.dll": {},
          "tools/net8.0/any/ru/Microsoft.CodeCoverage.Core.resources.dll": {},
          "tools/net8.0/any/ru/System.CommandLine.resources.dll": {},
          "tools/net8.0/any/runtimes/win-arm/native/Microsoft.DiaSymReader.Native.arm.dll": {},
          "tools/net8.0/any/runtimes/win-arm64/native/Microsoft.DiaSymReader.Native.arm64.dll": {},
          "tools/net8.0/any/runtimes/win-x64/native/Microsoft.DiaSymReader.Native.x64.dll": {},
          "tools/net8.0/any/runtimes/win-x86/native/Microsoft.DiaSymReader.Native.x86.dll": {},
          "tools/net8.0/any/runtimes/win/native/Microsoft.DiaSymReader.Native.arm.dll": {},
          "tools/net8.0/any/runtimes/win/native/Microsoft.DiaSymReader.Native.arm64.dll": {},
          "tools/net8.0/any/runtimes/win/native/Microsoft.DiaSymReader.Native.x64.dll": {},
          "tools/net8.0/any/runtimes/win/native/Microsoft.DiaSymReader.Native.x86.dll": {},
          "tools/net8.0/any/sv/Microsoft.CodeCoverage.Console.Common.resources.dll": {},
          "tools/net8.0/any/sv/Microsoft.CodeCoverage.Core.resources.dll": {},
          "tools/net8.0/any/tr/Microsoft.CodeCoverage.Console.Common.resources.dll": {},
          "tools/net8.0/any/tr/Microsoft.CodeCoverage.Core.resources.dll": {},
          "tools/net8.0/any/tr/System.CommandLine.resources.dll": {},
          "tools/net8.0/any/ubuntu/x64/Cov_x64.config": {},
          "tools/net8.0/any/ubuntu/x64/libCoverageInstrumentationMethod.so": {},
          "tools/net8.0/any/ubuntu/x64/libInstrumentationEngine.so": {},
          "tools/net8.0/any/x64/MicrosoftInstrumentationEngine_x64.dll": {},
          "tools/net8.0/any/x86/MicrosoftInstrumentationEngine_x86.dll": {},
          "tools/net8.0/any/zh-Hans/Microsoft.CodeCoverage.Console.Common.resources.dll": {},
          "tools/net8.0/any/zh-Hans/Microsoft.CodeCoverage.Core.resources.dll": {},
          "tools/net8.0/any/zh-Hans/System.CommandLine.resources.dll": {},
          "tools/net8.0/any/zh-Hant/Microsoft.CodeCoverage.Console.Common.resources.dll": {},
          "tools/net8.0/any/zh-Hant/Microsoft.CodeCoverage.Core.resources.dll": {},
          "tools/net8.0/any/zh-Hant/System.CommandLine.resources.dll": {}
        }
      }
    }
  },
  "libraries": {},
  "projectFileDependencyGroups": {}
}